<?xml version="1.0" encoding="UTF-8"?>
<Scheme LastUpgradeVersion="2650" version="1.7">
  <BuildAction parallelizeBuildables="YES" buildImplicitDependencies="YES" buildArchitectures="Automatic">
    <BuildActionEntries>
      <BuildActionEntry buildForTesting="YES" buildForRunning="YES" buildForProfiling="YES" buildForArchiving="YES" buildForAnalyzing="YES">
        <BuildableReference BuildableIdentifier="primary" BlueprintIdentifier="574DB10F4C1A7535A2094038" BuildableName="Solo Unicorn Run.app" BlueprintName="Solo Unicorn Run" ReferencedContainer="container:SoloUnicornRun.xcodeproj"/>
      </BuildActionEntry>
      <BuildActionEntry buildForTesting="YES" buildForRunning="NO" buildForProfiling="NO" buildForArchiving="NO" buildForAnalyzing="YES">
        <BuildableReference BuildableIdentifier="primary" BlueprintIdentifier="5A1E8F090551D4889E080ECD" BuildableName="Solo Unicorn Run Tests.xctest" BlueprintName="Solo Unicorn Run Tests" ReferencedContainer="container:SoloUnicornRun.xcodeproj"/>
      </BuildActionEntry>
    </BuildActionEntries>
  </BuildAction>
  <TestAction buildConfiguration="Debug" selectedDebuggerIdentifier="Xcode.DebuggerFoundation.Debugger.LLDB" selectedLauncherIdentifier="Xcode.DebuggerFoundation.Launcher.LLDB" shouldUseLaunchSchemeArgsEnv="YES">
    <Testables>
      <TestableReference skipped="NO" parallelizable="NO">
        <BuildableReference BuildableIdentifier="primary" BlueprintIdentifier="5A1E8F090551D4889E080ECD" BuildableName="Solo Unicorn Run Tests.xctest" BlueprintName="Solo Unicorn Run Tests" ReferencedContainer="container:SoloUnicornRun.xcodeproj"/>
      </TestableReference>
    </Testables>
  </TestAction>
  <LaunchAction buildConfiguration="Debug" selectedDebuggerIdentifier="Xcode.DebuggerFoundation.Debugger.LLDB" selectedLauncherIdentifier="Xcode.DebuggerFoundation.Launcher.LLDB" launchStyle="0" useCustomWorkingDirectory="NO" ignoresPersistentStateOnLaunch="NO" debugDocumentVersioning="YES" debugServiceExtension="internal" allowLocationSimulation="YES">
    <BuildableProductRunnable runnableDebuggingMode="0">
      <BuildableReference BuildableIdentifier="primary" BlueprintIdentifier="574DB10F4C1A7535A2094038" BuildableName="Solo Unicorn Run.app" BlueprintName="Solo Unicorn Run" ReferencedContainer="container:SoloUnicornRun.xcodeproj"/>
    </BuildableProductRunnable>
  </LaunchAction>
  <ProfileAction buildConfiguration="Release" shouldUseLaunchSchemeArgsEnv="YES" savedToolIdentifier="" useCustomWorkingDirectory="NO" debugDocumentVersioning="YES">
    <BuildableProductRunnable runnableDebuggingMode="0">
      <BuildableReference BuildableIdentifier="primary" BlueprintIdentifier="574DB10F4C1A7535A2094038" BuildableName="Solo Unicorn Run.app" BlueprintName="Solo Unicorn Run" ReferencedContainer="container:SoloUnicornRun.xcodeproj"/>
    </BuildableProductRunnable>
  </ProfileAction>
  <AnalyzeAction buildConfiguration="Debug"/>
  <ArchiveAction buildConfiguration="Release" revealArchiveInOrganizer="YES"/>
</Scheme>
